{
  "name": "mypackage",
  "version": "1.0.0",
  "lockfileVersion": 1,
  "requires": true,
  "dependencies": {
    "earthml-temply-headless": {
      "version": "0.0.1",
      "resolved": "https://registry.npmjs.org/earthml-temply-headless/-/earthml-temply-headless-0.0.1.tgz",
      "integrity": "sha512-qSKpHH9ha0Gm8AsfahYxiP7TwJ/pyBUqr72jJh+I8P9BSeZLXBcEsMtj+3F6oBry/MNeASoadF8xOWgLeV8D1w==",
      "dev": true
    }
  }
}
